
Microsoft Visual Studio Solution File, Format Version 12.00
# Visual Studio 15
VisualStudioVersion = 15.0.27004.2005
MinimumVisualStudioVersion = 10.0.40219.1
Project("{FAE04EC0-301F-11D3-BF4B-00C04F79EFBC}") = "CSE323Project", "CSE323Project\CSE323Project.csproj", "{9D50AFCF-2ECD-4E84-9EB1-E561C621E3A8}"
EndProject
Global
	GlobalSection(SolutionConfigurationPlatforms) = preSolution
		Debug|Any CPU = Debug|Any CPU
		Release|Any CPU = Release|Any CPU
	EndGlobalSection
	GlobalSection(ProjectConfigurationPlatforms) = postSolution
		{9D50AFCF-2ECD-4E84-9EB1-E561C621E3A8}.Debug|Any CPU.ActiveCfg = Debug|Any CPU
		{9D50AFCF-2ECD-4E84-9EB1-E561C621E3A8}.Debug|Any CPU.Build.0 = Debug|Any CPU
		{9D50AFCF-2ECD-4E84-9EB1-E561C621E3A8}.Release|Any CPU.ActiveCfg = Release|Any CPU
		{9D50AFCF-2ECD-4E84-9EB1-E561C621E3A8}.Release|Any CPU.Build.0 = Release|Any CPU
	EndGlobalSection
	GlobalSection(SolutionProperties) = preSolution
		HideSolutionNode = FALSE
	EndGlobalSection
	GlobalSection(ExtensibilityGlobals) = postSolution
		SolutionGuid = {F0CA4312-0CED-449B-BA20-75F67BBDF8AD}
	EndGlobalSection
EndGlobal
